
Microsoft Visual Studio Solution File, Format Version 12.00
# Visual Studio Version 17
VisualStudioVersion = 17.11.35303.130
MinimumVisualStudioVersion = 10.0.40219.1
Project("{FAE04EC0-301F-11D3-BF4B-00C04F79EFBC}") = "Hackaton.Shared", "Hackaton.Shared\Hackaton.Shared.csproj", "{62D22A7E-6D83-41B8-993C-61488AF71254}"
EndProject
Global
	GlobalSection(SolutionConfigurationPlatforms) = preSolution
		Debug|Any CPU = Debug|Any CPU
		Release|Any CPU = Release|Any CPU
	EndGlobalSection
	GlobalSection(ProjectConfigurationPlatforms) = postSolution
		{62D22A7E-6D83-41B8-993C-61488AF71254}.Debug|Any CPU.ActiveCfg = Debug|Any CPU
		{62D22A7E-6D83-41B8-993C-61488AF71254}.Debug|Any CPU.Build.0 = Debug|Any CPU
		{62D22A7E-6D83-41B8-993C-61488AF71254}.Release|Any CPU.ActiveCfg = Release|Any CPU
		{62D22A7E-6D83-41B8-993C-61488AF71254}.Release|Any CPU.Build.0 = Release|Any CPU
	EndGlobalSection
	GlobalSection(SolutionProperties) = preSolution
		HideSolutionNode = FALSE
	EndGlobalSection
	GlobalSection(ExtensibilityGlobals) = postSolution
		SolutionGuid = {D013BCD1-3415-4118-80DD-DD27623D2872}
	EndGlobalSection
EndGlobal
